
Microsoft Visual Studio Solution File, Format Version 12.00
# Visual Studio 2012
Project("{FAE04EC0-301F-11D3-BF4B-00C04F79EFBC}") = "SelinaTestRunner", "SelinaTestRunner\SelinaTestRunner.csproj", "{22BC286F-CFC6-4837-8E7F-D64C3662A89C}"
EndProject
Global
	GlobalSection(TeamFoundationVersionControl) = preSolution
		SccNumberOfProjects = 2
		SccEnterpriseProvider = {4CA58AB2-18FA-4F8D-95D4-32DDF27D184C}
		SccTeamFoundationServer = https://monishg.visualstudio.com/defaultcollection
		SccLocalPath0 = .
		SccProjectUniqueName1 = SelinaTestRunner\\SelinaTestRunner.csproj
		SccProjectName1 = SelinaTestRunner
		SccLocalPath1 = SelinaTestRunner
	EndGlobalSection
	GlobalSection(SolutionConfigurationPlatforms) = preSolution
		Debug|Any CPU = Debug|Any CPU
		Release|Any CPU = Release|Any CPU
	EndGlobalSection
	GlobalSection(ProjectConfigurationPlatforms) = postSolution
		{22BC286F-CFC6-4837-8E7F-D64C3662A89C}.Debug|Any CPU.ActiveCfg = Debug|Any CPU
		{22BC286F-CFC6-4837-8E7F-D64C3662A89C}.Debug|Any CPU.Build.0 = Debug|Any CPU
		{22BC286F-CFC6-4837-8E7F-D64C3662A89C}.Release|Any CPU.ActiveCfg = Release|Any CPU
		{22BC286F-CFC6-4837-8E7F-D64C3662A89C}.Release|Any CPU.Build.0 = Release|Any CPU
	EndGlobalSection
	GlobalSection(SolutionProperties) = preSolution
		HideSolutionNode = FALSE
	EndGlobalSection
EndGlobal
